// !$*UTF8*$!
{
	archiveVersion = 1;
	classes = {
	};
	objectVersion = 46;
	objects = {

/* Begin PBXBuildFile section */
		891703AA18875075009A2F3A /* AssetsLibrary.framework in Frameworks */ = {isa = PBXBuildFile; fileRef = 891703A918875075009A2F3A /* AssetsLibrary.framework */; };
		8921D8DA1885DBFB00A1478C /* StudentModel.m in Sources */ = {isa = PBXBuildFile; fileRef = 8921D8D91885DBFB00A1478C /* StudentModel.m */; };
		8921D8DC1885DC3000A1478C /* Bootcamp.plist in Resources */ = {isa = PBXBuildFile; fileRef = 8921D8DB1885DC3000A1478C /* Bootcamp.plist */; };
		8921D8DF1885E37200A1478C /* SFModelDataController.m in Sources */ = {isa = PBXBuildFile; fileRef = 8921D8DE1885E37200A1478C /* SFModelDataController.m */; };
		8921D8E21885E95200A1478C /* TeacherModel.m in Sources */ = {isa = PBXBuildFile; fileRef = 8921D8E11885E95200A1478C /* TeacherModel.m */; };
		89C308181884898500CB64D1 /* Foundation.framework in Frameworks */ = {isa = PBXBuildFile; fileRef = 89C308171884898500CB64D1 /* Foundation.framework */; };
		89C3081A1884898500CB64D1 /* CoreGraphics.framework in Frameworks */ = {isa = PBXBuildFile; fileRef = 89C308191884898500CB64D1 /* CoreGraphics.framework */; };
		89C3081C1884898500CB64D1 /* UIKit.framework in Frameworks */ = {isa = PBXBuildFile; fileRef = 89C3081B1884898500CB64D1 /* UIKit.framework */; };
		89C308221884898500CB64D1 /* InfoPlist.strings in Resources */ = {isa = PBXBuildFile; fileRef = 89C308201884898500CB64D1 /* InfoPlist.strings */; };
		89C308241884898500CB64D1 /* main.m in Sources */ = {isa = PBXBuildFile; fileRef = 89C308231884898500CB64D1 /* main.m */; };
		89C308281884898500CB64D1 /* SFAppDelegate.m in Sources */ = {isa = PBXBuildFile; fileRef = 89C308271884898500CB64D1 /* SFAppDelegate.m */; };
		89C3082B1884898500CB64D1 /* Main.storyboard in Resources */ = {isa = PBXBuildFile; fileRef = 89C308291884898500CB64D1 /* Main.storyboard */; };
		89C308301884898500CB64D1 /* Images.xcassets in Resources */ = {isa = PBXBuildFile; fileRef = 89C3082F1884898500CB64D1 /* Images.xcassets */; };
		89C308371884898500CB64D1 /* XCTest.framework in Frameworks */ = {isa = PBXBuildFile; fileRef = 89C308361884898500CB64D1 /* XCTest.framework */; };
		89C308381884898500CB64D1 /* Foundation.framework in Frameworks */ = {isa = PBXBuildFile; fileRef = 89C308171884898500CB64D1 /* Foundation.framework */; };
		89C308391884898500CB64D1 /* UIKit.framework in Frameworks */ = {isa = PBXBuildFile; fileRef = 89C3081B1884898500CB64D1 /* UIKit.framework */; };
		89C308411884898500CB64D1 /* InfoPlist.strings in Resources */ = {isa = PBXBuildFile; fileRef = 89C3083F1884898500CB64D1 /* InfoPlist.strings */; };
		89C308431884898500CB64D1 /* ClassRosterTests.m in Sources */ = {isa = PBXBuildFile; fileRef = 89C308421884898500CB64D1 /* ClassRosterTests.m */; };
		89C3084E18848FCF00CB64D1 /* SFDetailViewController.m in Sources */ = {isa = PBXBuildFile; fileRef = 89C3084D18848FCF00CB64D1 /* SFDetailViewController.m */; };
		89C3085418849E1A00CB64D1 /* SFTableViewController.m in Sources */ = {isa = PBXBuildFile; fileRef = 89C3085318849E1A00CB64D1 /* SFTableViewController.m */; };
/* End PBXBuildFile section */

/* Begin PBXContainerItemProxy section */
		89C3083A1884898500CB64D1 /* PBXContainerItemProxy */ = {
			isa = PBXContainerItemProxy;
			containerPortal = 89C3080C1884898500CB64D1 /* Project object */;
			proxyType = 1;
			remoteGlobalIDString = 89C308131884898500CB64D1;
			remoteInfo = ClassRoster;
		};
/* End PBXContainerItemProxy section */

/* Begin PBXFileReference section */
		891703A918875075009A2F3A /* AssetsLibrary.framework */ = {isa = PBXFileReference; lastKnownFileType = wrapper.framework; name = AssetsLibrary.framework; path = System/Library/Frameworks/AssetsLibrary.framework; sourceTree = SDKROOT; };
		8921D8D81885DBFB00A1478C /* StudentModel.h */ = {isa = PBXFileReference; fileEncoding = 4; lastKnownFileType = sourcecode.c.h; path = StudentModel.h; sourceTree = "<group>"; };
		8921D8D91885DBFB00A1478C /* StudentModel.m */ = {isa = PBXFileReference; fileEncoding = 4; lastKnownFileType = sourcecode.c.objc; path = StudentModel.m; sourceTree = "<group>"; };
		8921D8DB1885DC3000A1478C /* Bootcamp.plist */ = {isa = PBXFileReference; fileEncoding = 4; lastKnownFileType = text.plist.xml; name = Bootcamp.plist; path = ../Bootcamp.plist; sourceTree = "<group>"; };
		8921D8DD1885E37200A1478C /* SFModelDataController.h */ = {isa = PBXFileReference; fileEncoding = 4; lastKnownFileType = sourcecode.c.h; path = SFModelDataController.h; sourceTree = "<group>"; };
		8921D8DE1885E37200A1478C /* SFModelDataController.m */ = {isa = PBXFileReference; fileEncoding = 4; lastKnownFileType = sourcecode.c.objc; path = SFModelDataController.m; sourceTree = "<group>"; };
		8921D8E01885E95200A1478C /* TeacherModel.h */ = {isa = PBXFileReference; fileEncoding = 4; lastKnownFileType = sourcecode.c.h; name = TeacherModel.h; path = ../TeacherModel.h; sourceTree = "<group>"; };
		8921D8E11885E95200A1478C /* TeacherModel.m */ = {isa = PBXFileReference; fileEncoding = 4; lastKnownFileType = sourcecode.c.objc; name = TeacherModel.m; path = ../TeacherModel.m; sourceTree = "<group>"; };
		89C308141884898500CB64D1 /* ClassRoster.app */ = {isa = PBXFileReference; explicitFileType = wrapper.application; includeInIndex = 0; path = ClassRoster.app; sourceTree = BUILT_PRODUCTS_DIR; };
		89C308171884898500CB64D1 /* Foundation.framework */ = {isa = PBXFileReference; lastKnownFileType = wrapper.framework; name = Foundation.framework; path = System/Library/Frameworks/Foundation.framework; sourceTree = SDKROOT; };
		89C308191884898500CB64D1 /* CoreGraphics.framework */ = {isa = PBXFileReference; lastKnownFileType = wrapper.framework; name = CoreGraphics.framework; path = System/Library/Frameworks/CoreGraphics.framework; sourceTree = SDKROOT; };
		89C3081B1884898500CB64D1 /* UIKit.framework */ = {isa = PBXFileReference; lastKnownFileType = wrapper.framework; name = UIKit.framework; path = System/Library/Frameworks/UIKit.framework; sourceTree = SDKROOT; };
		89C3081F1884898500CB64D1 /* ClassRoster-Info.plist */ = {isa = PBXFileReference; lastKnownFileType = text.plist.xml; path = "ClassRoster-Info.plist"; sourceTree = "<group>"; };
		89C308211884898500CB64D1 /* en */ = {isa = PBXFileReference; lastKnownFileType = text.plist.strings; name = en; path = en.lproj/InfoPlist.strings; sourceTree = "<group>"; };
		89C308231884898500CB64D1 /* main.m */ = {isa = PBXFileReference; lastKnownFileType = sourcecode.c.objc; path = main.m; sourceTree = "<group>"; };
		89C308251884898500CB64D1 /* ClassRoster-Prefix.pch */ = {isa = PBXFileReference; lastKnownFileType = sourcecode.c.h; path = "ClassRoster-Prefix.pch"; sourceTree = "<group>"; };
		89C308261884898500CB64D1 /* SFAppDelegate.h */ = {isa = PBXFileReference; lastKnownFileType = sourcecode.c.h; path = SFAppDelegate.h; sourceTree = "<group>"; };
		89C308271884898500CB64D1 /* SFAppDelegate.m */ = {isa = PBXFileReference; lastKnownFileType = sourcecode.c.objc; path = SFAppDelegate.m; sourceTree = "<group>"; };
		89C3082A1884898500CB64D1 /* Base */ = {isa = PBXFileReference; lastKnownFileType = file.storyboard; name = Base; path = Base.lproj/Main.storyboard; sourceTree = "<group>"; };
		89C3082F1884898500CB64D1 /* Images.xcassets */ = {isa = PBXFileReference; lastKnownFileType = folder.assetcatalog; path = Images.xcassets; sourceTree = "<group>"; };
		89C308351884898500CB64D1 /* ClassRosterTests.xctest */ = {isa = PBXFileReference; explicitFileType = wrapper.cfbundle; includeInIndex = 0; path = ClassRosterTests.xctest; sourceTree = BUILT_PRODUCTS_DIR; };
		89C308361884898500CB64D1 /* XCTest.framework */ = {isa = PBXFileReference; lastKnownFileType = wrapper.framework; name = XCTest.framework; path = Library/Frameworks/XCTest.framework; sourceTree = DEVELOPER_DIR; };
		89C3083E1884898500CB64D1 /* ClassRosterTests-Info.plist */ = {isa = PBXFileReference; lastKnownFileType = text.plist.xml; path = "ClassRosterTests-Info.plist"; sourceTree = "<group>"; };
		89C308401884898500CB64D1 /* en */ = {isa = PBXFileReference; lastKnownFileType = text.plist.strings; name = en; path = en.lproj/InfoPlist.strings; sourceTree = "<group>"; };
		89C308421884898500CB64D1 /* ClassRosterTests.m */ = {isa = PBXFileReference; lastKnownFileType = sourcecode.c.objc; path = ClassRosterTests.m; sourceTree = "<group>"; };
		89C3084C18848FCF00CB64D1 /* SFDetailViewController.h */ = {isa = PBXFileReference; fileEncoding = 4; lastKnownFileType = sourcecode.c.h; path = SFDetailViewController.h; sourceTree = "<group>"; };
		89C3084D18848FCF00CB64D1 /* SFDetailViewController.m */ = {isa = PBXFileReference; fileEncoding = 4; lastKnownFileType = sourcecode.c.objc; path = SFDetailViewController.m; sourceTree = "<group>"; };
		89C3085218849E1A00CB64D1 /* SFTableViewController.h */ = {isa = PBXFileReference; fileEncoding = 4; lastKnownFileType = sourcecode.c.h; path = SFTableViewController.h; sourceTree = "<group>"; };
		89C3085318849E1A00CB64D1 /* SFTableViewController.m */ = {isa = PBXFileReference; fileEncoding = 4; lastKnownFileType = sourcecode.c.objc; path = SFTableViewController.m; sourceTree = "<group>"; };
/* End PBXFileReference section */

/* Begin PBXFrameworksBuildPhase section */
		89C308111884898500CB64D1 /* Frameworks */ = {
			isa = PBXFrameworksBuildPhase;
			buildActionMask = 2147483647;
			files = (
				891703AA18875075009A2F3A /* AssetsLibrary.framework in Frameworks */,
				89C3081A1884898500CB64D1 /* CoreGraphics.framework in Frameworks */,
				89C3081C1884898500CB64D1 /* UIKit.framework in Frameworks */,
				89C308181884898500CB64D1 /* Foundation.framework in Frameworks */,
			);
			runOnlyForDeploymentPostprocessing = 0;
		};
		89C308321884898500CB64D1 /* Frameworks */ = {
			isa = PBXFrameworksBuildPhase;
			buildActionMask = 2147483647;
			files = (
				89C308371884898500CB64D1 /* XCTest.framework in Frameworks */,
				89C308391884898500CB64D1 /* UIKit.framework in Frameworks */,
				89C308381884898500CB64D1 /* Foundation.framework in Frameworks */,
			);
			runOnlyForDeploymentPostprocessing = 0;
		};
/* End PBXFrameworksBuildPhase section */

/* Begin PBXGroup section */
		8917036518870374009A2F3A /* Models */ = {
			isa = PBXGroup;
			children = (
				8921D8E01885E95200A1478C /* TeacherModel.h */,
				8921D8E11885E95200A1478C /* TeacherModel.m */,
				8921D8D81885DBFB00A1478C /* StudentModel.h */,
				8921D8D91885DBFB00A1478C /* StudentModel.m */,
			);
			name = Models;
			sourceTree = "<group>";
		};
		891703661887037F009A2F3A /* Views */ = {
			isa = PBXGroup;
			children = (
			);
			name = Views;
			sourceTree = "<group>";
		};
		8917036718870386009A2F3A /* Controllers */ = {
			isa = PBXGroup;
			children = (
				89C3085218849E1A00CB64D1 /* SFTableViewController.h */,
				89C3085318849E1A00CB64D1 /* SFTableViewController.m */,
				89C3084C18848FCF00CB64D1 /* SFDetailViewController.h */,
				89C3084D18848FCF00CB64D1 /* SFDetailViewController.m */,
				8921D8DD1885E37200A1478C /* SFModelDataController.h */,
				8921D8DE1885E37200A1478C /* SFModelDataController.m */,
			);
			name = Controllers;
			path = ..;
			sourceTree = "<group>";
		};
		89C3080B1884898500CB64D1 = {
			isa = PBXGroup;
			children = (
				89C3081D1884898500CB64D1 /* ClassRoster */,
				89C3083C1884898500CB64D1 /* ClassRosterTests */,
				89C308161884898500CB64D1 /* Frameworks */,
				89C308151884898500CB64D1 /* Products */,
			);
			sourceTree = "<group>";
		};
		89C308151884898500CB64D1 /* Products */ = {
			isa = PBXGroup;
			children = (
				89C308141884898500CB64D1 /* ClassRoster.app */,
				89C308351884898500CB64D1 /* ClassRosterTests.xctest */,
			);
			name = Products;
			sourceTree = "<group>";
		};
		89C308161884898500CB64D1 /* Frameworks */ = {
			isa = PBXGroup;
			children = (
				891703A918875075009A2F3A /* AssetsLibrary.framework */,
				89C308171884898500CB64D1 /* Foundation.framework */,
				89C308191884898500CB64D1 /* CoreGraphics.framework */,
				89C3081B1884898500CB64D1 /* UIKit.framework */,
				89C308361884898500CB64D1 /* XCTest.framework */,
			);
			name = Frameworks;
			sourceTree = "<group>";
		};
		89C3081D1884898500CB64D1 /* ClassRoster */ = {
			isa = PBXGroup;
			children = (
				8917036718870386009A2F3A /* Controllers */,
				891703661887037F009A2F3A /* Views */,
				8917036518870374009A2F3A /* Models */,
				8921D8DB1885DC3000A1478C /* Bootcamp.plist */,
				89C308261884898500CB64D1 /* SFAppDelegate.h */,
				89C308271884898500CB64D1 /* SFAppDelegate.m */,
				89C308291884898500CB64D1 /* Main.storyboard */,
				89C3082F1884898500CB64D1 /* Images.xcassets */,
				89C3081E1884898500CB64D1 /* Supporting Files */,
			);
			path = ClassRoster;
			sourceTree = "<group>";
		};
		89C3081E1884898500CB64D1 /* Supporting Files */ = {
			isa = PBXGroup;
			children = (
				89C3081F1884898500CB64D1 /* ClassRoster-Info.plist */,
				89C308201884898500CB64D1 /* InfoPlist.strings */,
				89C308231884898500CB64D1 /* main.m */,
				89C308251884898500CB64D1 /* ClassRoster-Prefix.pch */,
			);
			name = "Supporting Files";
			sourceTree = "<group>";
		};
		89C3083C1884898500CB64D1 /* ClassRosterTests */ = {
			isa = PBXGroup;
			children = (
				89C308421884898500CB64D1 /* ClassRosterTests.m */,
				89C3083D1884898500CB64D1 /* Supporting Files */,
			);
			path = ClassRosterTests;
			sourceTree = "<group>";
		};
		89C3083D1884898500CB64D1 /* Supporting Files */ = {
			isa = PBXGroup;
			children = (
				89C3083E1884898500CB64D1 /* ClassRosterTests-Info.plist */,
				89C3083F1884898500CB64D1 /* InfoPlist.strings */,
			);
			name = "Supporting Files";
			sourceTree = "<group>";
		};
/* End PBXGroup section */

/* Begin PBXNativeTarget section */
		89C308131884898500CB64D1 /* ClassRoster */ = {
			isa = PBXNativeTarget;
			buildConfigurationList = 89C308461884898500CB64D1 /* Build configuration list for PBXNativeTarget "ClassRoster" */;
			buildPhases = (
				89C308101884898500CB64D1 /* Sources */,
				89C308111884898500CB64D1 /* Frameworks */,
				89C308121884898500CB64D1 /* Resources */,
			);
			buildRules = (
			);
			dependencies = (
			);
			name = ClassRoster;
			productName = ClassRoster;
			productReference = 89C308141884898500CB64D1 /* ClassRoster.app */;
			productType = "com.apple.product-type.application";
		};
		89C308341884898500CB64D1 /* ClassRosterTests */ = {
			isa = PBXNativeTarget;
			buildConfigurationList = 89C308491884898500CB64D1 /* Build configuration list for PBXNativeTarget "ClassRosterTests" */;
			buildPhases = (
				89C308311884898500CB64D1 /* Sources */,
				89C308321884898500CB64D1 /* Frameworks */,
				89C308331884898500CB64D1 /* Resources */,
			);
			buildRules = (
			);
			dependencies = (
				89C3083B1884898500CB64D1 /* PBXTargetDependency */,
			);
			name = ClassRosterTests;
			productName = ClassRosterTests;
			productReference = 89C308351884898500CB64D1 /* ClassRosterTests.xctest */;
			productType = "com.apple.product-type.bundle.unit-test";
		};
/* End PBXNativeTarget section */

/* Begin PBXProject section */
		89C3080C1884898500CB64D1 /* Project object */ = {
			isa = PBXProject;
			attributes = {
				CLASSPREFIX = SF;
				LastUpgradeCheck = 0500;
				ORGANIZATIONNAME = "Spencer Fornaciari";
				TargetAttributes = {
					89C308341884898500CB64D1 = {
						TestTargetID = 89C308131884898500CB64D1;
					};
				};
			};
			buildConfigurationList = 89C3080F1884898500CB64D1 /* Build configuration list for PBXProject "ClassRoster" */;
			compatibilityVersion = "Xcode 3.2";
			developmentRegion = English;
			hasScannedForEncodings = 0;
			knownRegions = (
				en,
				Base,
			);
			mainGroup = 89C3080B1884898500CB64D1;
			productRefGroup = 89C308151884898500CB64D1 /* Products */;
			projectDirPath = "";
			projectRoot = "";
			targets = (
				89C308131884898500CB64D1 /* ClassRoster */,
				89C308341884898500CB64D1 /* ClassRosterTests */,
			);
		};
/* End PBXProject section */

/* Begin PBXResourcesBuildPhase section */
		89C308121884898500CB64D1 /* Resources */ = {
			isa = PBXResourcesBuildPhase;
			buildActionMask = 2147483647;
			files = (
				89C308301884898500CB64D1 /* Images.xcassets in Resources */,
				8921D8DC1885DC3000A1478C /* Bootcamp.plist in Resources */,
				89C308221884898500CB64D1 /* InfoPlist.strings in Resources */,
				89C3082B1884898500CB64D1 /* Main.storyboard in Resources */,
			);
			runOnlyForDeploymentPostprocessing = 0;
		};
		89C308331884898500CB64D1 /* Resources */ = {
			isa = PBXResourcesBuildPhase;
			buildActionMask = 2147483647;
			files = (
				89C308411884898500CB64D1 /* InfoPlist.strings in Resources */,
			);
			runOnlyForDeploymentPostprocessing = 0;
		};
/* End PBXResourcesBuildPhase section */

/* Begin PBXSourcesBuildPhase section */
		89C308101884898500CB64D1 /* Sources */ = {
			isa = PBXSourcesBuildPhase;
			buildActionMask = 2147483647;
			files = (
				8921D8E21885E95200A1478C /* TeacherModel.m in Sources */,
				89C308241884898500CB64D1 /* main.m in Sources */,
				8921D8DF1885E37200A1478C /* SFModelDataController.m in Sources */,
				89C3085418849E1A00CB64D1 /* SFTableViewController.m in Sources */,
				8921D8DA1885DBFB00A1478C /* StudentModel.m in Sources */,
				89C3084E18848FCF00CB64D1 /* SFDetailViewController.m in Sources */,
				89C308281884898500CB64D1 /* SFAppDelegate.m in Sources */,
			);
			runOnlyForDeploymentPostprocessing = 0;
		};
		89C308311884898500CB64D1 /* Sources */ = {
			isa = PBXSourcesBuildPhase;
			buildActionMask = 2147483647;
			files = (
				89C308431884898500CB64D1 /* ClassRosterTests.m in Sources */,
			);
			runOnlyForDeploymentPostprocessing = 0;
		};
/* End PBXSourcesBuildPhase section */

/* Begin PBXTargetDependency section */
		89C3083B1884898500CB64D1 /* PBXTargetDependency */ = {
			isa = PBXTargetDependency;
			target = 89C308131884898500CB64D1 /* ClassRoster */;
			targetProxy = 89C3083A1884898500CB64D1 /* PBXContainerItemProxy */;
		};
/* End PBXTargetDependency section */

/* Begin PBXVariantGroup section */
		89C308201884898500CB64D1 /* InfoPlist.strings */ = {
			isa = PBXVariantGroup;
			children = (
				89C308211884898500CB64D1 /* en */,
			);
			name = InfoPlist.strings;
			sourceTree = "<group>";
		};
		89C308291884898500CB64D1 /* Main.storyboard */ = {
			isa = PBXVariantGroup;
			children = (
				89C3082A1884898500CB64D1 /* Base */,
			);
			name = Main.storyboard;
			sourceTree = "<group>";
		};
		89C3083F1884898500CB64D1 /* InfoPlist.strings */ = {
			isa = PBXVariantGroup;
			children = (
				89C308401884898500CB64D1 /* en */,
			);
			name = InfoPlist.strings;
			sourceTree = "<group>";
		};
/* End PBXVariantGroup section */

/* Begin XCBuildConfiguration section */
		89C308441884898500CB64D1 /* Debug */ = {
			isa = XCBuildConfiguration;
			buildSettings = {
				ALWAYS_SEARCH_USER_PATHS = NO;
				ARCHS = "$(ARCHS_STANDARD_INCLUDING_64_BIT)";
				CLANG_CXX_LANGUAGE_STANDARD = "gnu++0x";
				CLANG_CXX_LIBRARY = "libc++";
				CLANG_ENABLE_MODULES = YES;
				CLANG_ENABLE_OBJC_ARC = YES;
				CLANG_WARN_BOOL_CONVERSION = YES;
				CLANG_WARN_CONSTANT_CONVERSION = YES;
				CLANG_WARN_DIRECT_OBJC_ISA_USAGE = YES_ERROR;
				CLANG_WARN_EMPTY_BODY = YES;
				CLANG_WARN_ENUM_CONVERSION = YES;
				CLANG_WARN_INT_CONVERSION = YES;
				CLANG_WARN_OBJC_ROOT_CLASS = YES_ERROR;
				CLANG_WARN__DUPLICATE_METHOD_MATCH = YES;
				"CODE_SIGN_IDENTITY[sdk=iphoneos*]" = "iPhone Developer";
				COPY_PHASE_STRIP = NO;
				GCC_C_LANGUAGE_STANDARD = gnu99;
				GCC_DYNAMIC_NO_PIC = NO;
				GCC_OPTIMIZATION_LEVEL = 0;
				GCC_PREPROCESSOR_DEFINITIONS = (
					"DEBUG=1",
					"$(inherited)",
				);
				GCC_SYMBOLS_PRIVATE_EXTERN = NO;
				GCC_WARN_64_TO_32_BIT_CONVERSION = YES;
				GCC_WARN_ABOUT_RETURN_TYPE = YES_ERROR;
				GCC_WARN_UNDECLARED_SELECTOR = YES;
				GCC_WARN_UNINITIALIZED_AUTOS = YES;
				GCC_WARN_UNUSED_FUNCTION = YES;
				GCC_WARN_UNUSED_VARIABLE = YES;
				IPHONEOS_DEPLOYMENT_TARGET = 7.0;
				ONLY_ACTIVE_ARCH = YES;
				SDKROOT = iphoneos;
			};
			name = Debug;
		};
		89C308451884898500CB64D1 /* Release */ = {
			isa = XCBuildConfiguration;
			buildSettings = {
				ALWAYS_SEARCH_USER_PATHS = NO;
				ARCHS = "$(ARCHS_STANDARD_INCLUDING_64_BIT)";
				CLANG_CXX_LANGUAGE_STANDARD = "gnu++0x";
				CLANG_CXX_LIBRARY = "libc++";
				CLANG_ENABLE_MODULES = YES;
				CLANG_ENABLE_OBJC_ARC = YES;
				CLANG_WARN_BOOL_CONVERSION = YES;
				CLANG_WARN_CONSTANT_CONVERSION = YES;
				CLANG_WARN_DIRECT_OBJC_ISA_USAGE = YES_ERROR;
				CLANG_WARN_EMPTY_BODY = YES;
				CLANG_WARN_ENUM_CONVERSION = YES;
				CLANG_WARN_INT_CONVERSION = YES;
				CLANG_WARN_OBJC_ROOT_CLASS = YES_ERROR;
				CLANG_WARN__DUPLICATE_METHOD_MATCH = YES;
				"CODE_SIGN_IDENTITY[sdk=iphoneos*]" = "iPhone Developer";
				COPY_PHASE_STRIP = YES;
				ENABLE_NS_ASSERTIONS = NO;
				GCC_C_LANGUAGE_STANDARD = gnu99;
				GCC_WARN_64_TO_32_BIT_CONVERSION = YES;
				GCC_WARN_ABOUT_RETURN_TYPE = YES_ERROR;
				GCC_WARN_UNDECLARED_SELECTOR = YES;
				GCC_WARN_UNINITIALIZED_AUTOS = YES;
				GCC_WARN_UNUSED_FUNCTION = YES;
				GCC_WARN_UNUSED_VARIABLE = YES;
				IPHONEOS_DEPLOYMENT_TARGET = 7.0;
				SDKROOT = iphoneos;
				VALIDATE_PRODUCT = YES;
			};
			name = Release;
		};
		89C308471884898500CB64D1 /* Debug */ = {
			isa = XCBuildConfiguration;
			buildSettings = {
				ASSETCATALOG_COMPILER_APPICON_NAME = AppIcon;
				ASSETCATALOG_COMPILER_LAUNCHIMAGE_NAME = LaunchImage;
				GCC_PRECOMPILE_PREFIX_HEADER = YES;
				GCC_PREFIX_HEADER = "ClassRoster/ClassRoster-Prefix.pch";
				INFOPLIST_FILE = "ClassRoster/ClassRoster-Info.plist";
				PRODUCT_NAME = "$(TARGET_NAME)";
				WRAPPER_EXTENSION = app;
			};
			name = Debug;
		};
		89C308481884898500CB64D1 /* Release */ = {
			isa = XCBuildConfiguration;
			buildSettings = {
				ASSETCATALOG_COMPILER_APPICON_NAME = AppIcon;
				ASSETCATALOG_COMPILER_LAUNCHIMAGE_NAME = LaunchImage;
				GCC_PRECOMPILE_PREFIX_HEADER = YES;
				GCC_PREFIX_HEADER = "ClassRoster/ClassRoster-Prefix.pch";
				INFOPLIST_FILE = "ClassRoster/ClassRoster-Info.plist";
				PRODUCT_NAME = "$(TARGET_NAME)";
				WRAPPER_EXTENSION = app;
			};
			name = Release;
		};
		89C3084A1884898500CB64D1 /* Debug */ = {
			isa = XCBuildConfiguration;
			buildSettings = {
				ARCHS = "$(ARCHS_STANDARD_INCLUDING_64_BIT)";
				BUNDLE_LOADER = "$(BUILT_PRODUCTS_DIR)/ClassRoster.app/ClassRoster";
				FRAMEWORK_SEARCH_PATHS = (
					"$(SDKROOT)/Developer/Library/Frameworks",
					"$(inherited)",
					"$(DEVELOPER_FRAMEWORKS_DIR)",
				);
				GCC_PRECOMPILE_PREFIX_HEADER = YES;
				GCC_PREFIX_HEADER = "ClassRoster/ClassRoster-Prefix.pch";
				GCC_PREPROCESSOR_DEFINITIONS = (
					"DEBUG=1",
					"$(inherited)",
				);
				INFOPLIST_FILE = "ClassRosterTests/ClassRosterTests-Info.plist";
				PRODUCT_NAME = "$(TARGET_NAME)";
				TEST_HOST = "$(BUNDLE_LOADER)";
				WRAPPER_EXTENSION = xctest;
			};
			name = Debug;
		};
		89C3084B1884898500CB64D1 /* Release */ = {
			isa = XCBuildConfiguration;
			buildSettings = {
				ARCHS = "$(ARCHS_STANDARD_INCLUDING_64_BIT)";
				BUNDLE_LOADER = "$(BUILT_PRODUCTS_DIR)/ClassRoster.app/ClassRoster";
				FRAMEWORK_SEARCH_PATHS = (
					"$(SDKROOT)/Developer/Library/Frameworks",
					"$(inherited)",
					"$(DEVELOPER_FRAMEWORKS_DIR)",
				);
				GCC_PRECOMPILE_PREFIX_HEADER = YES;
				GCC_PREFIX_HEADER = "ClassRoster/ClassRoster-Prefix.pch";
				INFOPLIST_FILE = "ClassRosterTests/ClassRosterTests-Info.plist";
				PRODUCT_NAME = "$(TARGET_NAME)";
				TEST_HOST = "$(BUNDLE_LOADER)";
				WRAPPER_EXTENSION = xctest;
			};
			name = Release;
		};
/* End XCBuildConfiguration section */

/* Begin XCConfigurationList section */
		89C3080F1884898500CB64D1 /* Build configuration list for PBXProject "ClassRoster" */ = {
			isa = XCConfigurationList;
			buildConfigurations = (
				89C308441884898500CB64D1 /* Debug */,
				89C308451884898500CB64D1 /* Release */,
			);
			defaultConfigurationIsVisible = 0;
			defaultConfigurationName = Release;
		};
		89C308461884898500CB64D1 /* Build configuration list for PBXNativeTarget "ClassRoster" */ = {
			isa = XCConfigurationList;
			buildConfigurations = (
				89C308471884898500CB64D1 /* Debug */,
				89C308481884898500CB64D1 /* Release */,
			);
			defaultConfigurationIsVisible = 0;
			defaultConfigurationName = Release;
		};
		89C308491884898500CB64D1 /* Build configuration list for PBXNativeTarget "ClassRosterTests" */ = {
			isa = XCConfigurationList;
			buildConfigurations = (
				89C3084A1884898500CB64D1 /* Debug */,
				89C3084B1884898500CB64D1 /* Release */,
			);
			defaultConfigurationIsVisible = 0;
			defaultConfigurationName = Release;
		};
/* End XCConfigurationList section */
	};
	rootObject = 89C3080C1884898500CB64D1 /* Project object */;
}
